{
  "version": 4,
  "terraform_version": "1.1.9",
  "serial": 9,
  "lineage": "40eb3ac4-5852-f51c-64e1-db3e102a000c",
  "outputs": {},
  "resources": [
    {
      "mode": "managed",
      "type": "aws_s3_bucket",
      "name": "datalake-igti",
      "provider": "provider[\"registry.terraform.io/hashicorp/aws\"]",
      "instances": [
        {
          "schema_version": 0,
          "attributes": {
            "acceleration_status": "",
            "acl": "private",
            "arn": "arn:aws:s3:::datalake-igor-igti-edc-tf2-producao-217641499151",
            "bucket": "datalake-igor-igti-edc-tf2-producao-217641499151",
            "bucket_domain_name": "datalake-igor-igti-edc-tf2-producao-217641499151.s3.amazonaws.com",
            "bucket_prefix": null,
            "bucket_regional_domain_name": "datalake-igor-igti-edc-tf2-producao-217641499151.s3.us-east-2.amazonaws.com",
            "cors_rule": [],
            "force_destroy": false,
            "grant": [
              {
                "id": "bce9ef5b69d9dc4d52d4ef7fddca80421197715a0a132a719254b82b3c5796a1",
                "permissions": [
                  "FULL_CONTROL"
                ],
                "type": "CanonicalUser",
                "uri": ""
              }
            ],
            "hosted_zone_id": "Z2O1EMRO9K5GLX",
            "id": "datalake-igor-igti-edc-tf2-producao-217641499151",
            "lifecycle_rule": [],
            "logging": [],
            "object_lock_configuration": [],
            "object_lock_enabled": false,
            "policy": "",
            "region": "us-east-2",
            "replication_configuration": [],
            "request_payer": "BucketOwner",
            "server_side_encryption_configuration": [
              {
                "rule": [
                  {
                    "apply_server_side_encryption_by_default": [
                      {
                        "kms_master_key_id": "",
                        "sse_algorithm": "AES256"
                      }
                    ],
                    "bucket_key_enabled": false
                  }
                ]
              }
            ],
            "tags": {
              "CURSO": "EDC",
              "IES": "IGTI"
            },
            "tags_all": {
              "CURSO": "EDC",
              "IES": "IGTI"
            },
            "versioning": [
              {
                "enabled": false,
                "mfa_delete": false
              }
            ],
            "website": [],
            "website_domain": null,
            "website_endpoint": null
          },
          "sensitive_attributes": [],
          "private": "bnVsbA=="
        }
      ]
    },
    {
      "mode": "managed",
      "type": "aws_s3_bucket_object",
      "name": "codigo_spark",
      "provider": "provider[\"registry.terraform.io/hashicorp/aws\"]",
      "instances": [
        {
          "schema_version": 0,
          "attributes": {
            "acl": "private",
            "bucket": "datalake-igor-igti-edc-tf2-producao-217641499151",
            "bucket_key_enabled": false,
            "cache_control": "",
            "content": null,
            "content_base64": null,
            "content_disposition": "",
            "content_encoding": "",
            "content_language": "",
            "content_type": "binary/octet-stream",
            "etag": "26abd429fdb5b2d63e30fadb419e0562",
            "force_destroy": false,
            "id": "emr-code/pyspark_job_spark_from_tf.py",
            "key": "emr-code/pyspark_job_spark_from_tf.py",
            "kms_key_id": null,
            "metadata": null,
            "object_lock_legal_hold_status": "",
            "object_lock_mode": "",
            "object_lock_retain_until_date": "",
            "server_side_encryption": "AES256",
            "source": "../process_spark.py",
            "source_hash": null,
            "storage_class": "STANDARD",
            "tags": null,
            "tags_all": {},
            "version_id": "",
            "website_redirect": ""
          },
          "sensitive_attributes": [],
          "private": "bnVsbA==",
          "dependencies": [
            "aws_s3_bucket.datalake-igti"
          ]
        }
      ]
    }
  ]
}
